// !$*UTF8*$!
{
	archiveVersion = 1;
	classes = {
	};
	objectVersion = 46;
	objects = {

/* Begin PBXBuildFile section */
		8AAB600F18500B990008014E /* slide.pdf in Resources */ = {isa = PBXBuildFile; fileRef = 8AAB600E18500B990008014E /* slide.pdf */; };
		8AAB601418500C130008014E /* PDFDocument.m in Sources */ = {isa = PBXBuildFile; fileRef = 8AAB601118500C130008014E /* PDFDocument.m */; };
		8AAB601518500C130008014E /* PDFView.m in Sources */ = {isa = PBXBuildFile; fileRef = 8AAB601318500C130008014E /* PDFView.m */; };
		8AAB6019185020860008014E /* CoverViewController.m in Sources */ = {isa = PBXBuildFile; fileRef = 8AAB6017185020860008014E /* CoverViewController.m */; };
		8AAB601A185020860008014E /* CoverViewController.xib in Resources */ = {isa = PBXBuildFile; fileRef = 8AAB6018185020860008014E /* CoverViewController.xib */; };
		A166C9CD184F545F00AD4307 /* UIKit.framework in Frameworks */ = {isa = PBXBuildFile; fileRef = A166C9CC184F545F00AD4307 /* UIKit.framework */; };
		A166C9CF184F545F00AD4307 /* Foundation.framework in Frameworks */ = {isa = PBXBuildFile; fileRef = A166C9CE184F545F00AD4307 /* Foundation.framework */; };
		A166C9D1184F545F00AD4307 /* CoreGraphics.framework in Frameworks */ = {isa = PBXBuildFile; fileRef = A166C9D0184F545F00AD4307 /* CoreGraphics.framework */; };
		A166C9D7184F545F00AD4307 /* InfoPlist.strings in Resources */ = {isa = PBXBuildFile; fileRef = A166C9D5184F545F00AD4307 /* InfoPlist.strings */; };
		A166C9D9184F545F00AD4307 /* main.m in Sources */ = {isa = PBXBuildFile; fileRef = A166C9D8184F545F00AD4307 /* main.m */; };
		A166C9DD184F545F00AD4307 /* AppDelegate.m in Sources */ = {isa = PBXBuildFile; fileRef = A166C9DC184F545F00AD4307 /* AppDelegate.m */; };
		A166C9DF184F545F00AD4307 /* Default.png in Resources */ = {isa = PBXBuildFile; fileRef = A166C9DE184F545F00AD4307 /* Default.png */; };
		A166C9E1184F545F00AD4307 /* Default@2x.png in Resources */ = {isa = PBXBuildFile; fileRef = A166C9E0184F545F00AD4307 /* Default@2x.png */; };
		A166C9E3184F545F00AD4307 /* Default-568h@2x.png in Resources */ = {isa = PBXBuildFile; fileRef = A166C9E2184F545F00AD4307 /* Default-568h@2x.png */; };
		A166C9FF184F605200AD4307 /* RootViewController.m in Sources */ = {isa = PBXBuildFile; fileRef = A166C9FD184F605200AD4307 /* RootViewController.m */; };
		A166CA00184F605200AD4307 /* RootViewController.xib in Resources */ = {isa = PBXBuildFile; fileRef = A166C9FE184F605200AD4307 /* RootViewController.xib */; };
		A166CA07184F743700AD4307 /* SlideViewController.m in Sources */ = {isa = PBXBuildFile; fileRef = A166CA05184F743700AD4307 /* SlideViewController.m */; };
		A166CA08184F743700AD4307 /* SlideViewController.xib in Resources */ = {isa = PBXBuildFile; fileRef = A166CA06184F743700AD4307 /* SlideViewController.xib */; };
		A166CA0A184F825B00AD4307 /* MainWindow.xib in Resources */ = {isa = PBXBuildFile; fileRef = A166CA09184F825B00AD4307 /* MainWindow.xib */; };
		A193511A1A32E23400220E93 /* top.gif in Resources */ = {isa = PBXBuildFile; fileRef = A19351191A32E23400220E93 /* top.gif */; };
		A193511E1A32E30C00220E93 /* UIImage+GIF.m in Sources */ = {isa = PBXBuildFile; fileRef = A193511D1A32E30C00220E93 /* UIImage+GIF.m */; };
		A19351201A32E4CC00220E93 /* ImageIO.framework in Frameworks */ = {isa = PBXBuildFile; fileRef = A193511F1A32E4CC00220E93 /* ImageIO.framework */; };
		A19351231A35E04800220E93 /* UIImage+animatedGIF.m in Sources */ = {isa = PBXBuildFile; fileRef = A19351221A35E04800220E93 /* UIImage+animatedGIF.m */; };
		A193512A1A35FE3B00220E93 /* ExternalViewController.m in Sources */ = {isa = PBXBuildFile; fileRef = A19351281A35FE3B00220E93 /* ExternalViewController.m */; };
		A193512B1A35FE3B00220E93 /* ExternalViewController.xib in Resources */ = {isa = PBXBuildFile; fileRef = A19351291A35FE3B00220E93 /* ExternalViewController.xib */; };
		A193512D1A36048100220E93 /* extslide.pdf in Resources */ = {isa = PBXBuildFile; fileRef = A193512C1A36048100220E93 /* extslide.pdf */; };
		A193512F1A3692C800220E93 /* exttop.gif in Resources */ = {isa = PBXBuildFile; fileRef = A193512E1A3692C800220E93 /* exttop.gif */; };
/* End PBXBuildFile section */

/* Begin PBXFileReference section */
		8AAB600E18500B990008014E /* slide.pdf */ = {isa = PBXFileReference; lastKnownFileType = image.pdf; name = slide.pdf; path = Resources/slide.pdf; sourceTree = "<group>"; };
		8AAB601018500C130008014E /* PDFDocument.h */ = {isa = PBXFileReference; fileEncoding = 4; lastKnownFileType = sourcecode.c.h; path = PDFDocument.h; sourceTree = "<group>"; };
		8AAB601118500C130008014E /* PDFDocument.m */ = {isa = PBXFileReference; fileEncoding = 4; lastKnownFileType = sourcecode.c.objc; path = PDFDocument.m; sourceTree = "<group>"; };
		8AAB601218500C130008014E /* PDFView.h */ = {isa = PBXFileReference; fileEncoding = 4; lastKnownFileType = sourcecode.c.h; path = PDFView.h; sourceTree = "<group>"; };
		8AAB601318500C130008014E /* PDFView.m */ = {isa = PBXFileReference; fileEncoding = 4; lastKnownFileType = sourcecode.c.objc; path = PDFView.m; sourceTree = "<group>"; };
		8AAB6016185020860008014E /* CoverViewController.h */ = {isa = PBXFileReference; fileEncoding = 4; lastKnownFileType = sourcecode.c.h; path = CoverViewController.h; sourceTree = "<group>"; };
		8AAB6017185020860008014E /* CoverViewController.m */ = {isa = PBXFileReference; fileEncoding = 4; lastKnownFileType = sourcecode.c.objc; path = CoverViewController.m; sourceTree = "<group>"; };
		8AAB6018185020860008014E /* CoverViewController.xib */ = {isa = PBXFileReference; fileEncoding = 4; lastKnownFileType = file.xib; path = CoverViewController.xib; sourceTree = "<group>"; };
		A166C9C9184F545F00AD4307 /* SlideApp.app */ = {isa = PBXFileReference; explicitFileType = wrapper.application; includeInIndex = 0; path = SlideApp.app; sourceTree = BUILT_PRODUCTS_DIR; };
		A166C9CC184F545F00AD4307 /* UIKit.framework */ = {isa = PBXFileReference; lastKnownFileType = wrapper.framework; name = UIKit.framework; path = System/Library/Frameworks/UIKit.framework; sourceTree = SDKROOT; };
		A166C9CE184F545F00AD4307 /* Foundation.framework */ = {isa = PBXFileReference; lastKnownFileType = wrapper.framework; name = Foundation.framework; path = System/Library/Frameworks/Foundation.framework; sourceTree = SDKROOT; };
		A166C9D0184F545F00AD4307 /* CoreGraphics.framework */ = {isa = PBXFileReference; lastKnownFileType = wrapper.framework; name = CoreGraphics.framework; path = System/Library/Frameworks/CoreGraphics.framework; sourceTree = SDKROOT; };
		A166C9D4184F545F00AD4307 /* SlideApp-Info.plist */ = {isa = PBXFileReference; lastKnownFileType = text.plist.xml; path = "SlideApp-Info.plist"; sourceTree = "<group>"; };
		A166C9D6184F545F00AD4307 /* en */ = {isa = PBXFileReference; lastKnownFileType = text.plist.strings; name = en; path = en.lproj/InfoPlist.strings; sourceTree = "<group>"; };
		A166C9D8184F545F00AD4307 /* main.m */ = {isa = PBXFileReference; lastKnownFileType = sourcecode.c.objc; path = main.m; sourceTree = "<group>"; };
		A166C9DA184F545F00AD4307 /* SlideApp-Prefix.pch */ = {isa = PBXFileReference; lastKnownFileType = sourcecode.c.h; path = "SlideApp-Prefix.pch"; sourceTree = "<group>"; };
		A166C9DB184F545F00AD4307 /* AppDelegate.h */ = {isa = PBXFileReference; lastKnownFileType = sourcecode.c.h; path = AppDelegate.h; sourceTree = "<group>"; };
		A166C9DC184F545F00AD4307 /* AppDelegate.m */ = {isa = PBXFileReference; lastKnownFileType = sourcecode.c.objc; path = AppDelegate.m; sourceTree = "<group>"; };
		A166C9DE184F545F00AD4307 /* Default.png */ = {isa = PBXFileReference; lastKnownFileType = image.png; path = Default.png; sourceTree = "<group>"; };
		A166C9E0184F545F00AD4307 /* Default@2x.png */ = {isa = PBXFileReference; lastKnownFileType = image.png; path = "Default@2x.png"; sourceTree = "<group>"; };
		A166C9E2184F545F00AD4307 /* Default-568h@2x.png */ = {isa = PBXFileReference; lastKnownFileType = image.png; path = "Default-568h@2x.png"; sourceTree = "<group>"; };
		A166C9FC184F605200AD4307 /* RootViewController.h */ = {isa = PBXFileReference; fileEncoding = 4; lastKnownFileType = sourcecode.c.h; path = RootViewController.h; sourceTree = "<group>"; };
		A166C9FD184F605200AD4307 /* RootViewController.m */ = {isa = PBXFileReference; fileEncoding = 4; lastKnownFileType = sourcecode.c.objc; path = RootViewController.m; sourceTree = "<group>"; };
		A166C9FE184F605200AD4307 /* RootViewController.xib */ = {isa = PBXFileReference; fileEncoding = 4; lastKnownFileType = file.xib; path = RootViewController.xib; sourceTree = "<group>"; };
		A166CA04184F743600AD4307 /* SlideViewController.h */ = {isa = PBXFileReference; fileEncoding = 4; lastKnownFileType = sourcecode.c.h; path = SlideViewController.h; sourceTree = "<group>"; };
		A166CA05184F743700AD4307 /* SlideViewController.m */ = {isa = PBXFileReference; fileEncoding = 4; lastKnownFileType = sourcecode.c.objc; path = SlideViewController.m; sourceTree = "<group>"; };
		A166CA06184F743700AD4307 /* SlideViewController.xib */ = {isa = PBXFileReference; fileEncoding = 4; lastKnownFileType = file.xib; path = SlideViewController.xib; sourceTree = "<group>"; };
		A166CA09184F825B00AD4307 /* MainWindow.xib */ = {isa = PBXFileReference; fileEncoding = 4; lastKnownFileType = file.xib; path = MainWindow.xib; sourceTree = "<group>"; };
		A19351191A32E23400220E93 /* top.gif */ = {isa = PBXFileReference; lastKnownFileType = image.gif; name = top.gif; path = Resources/top.gif; sourceTree = "<group>"; };
		A193511C1A32E30C00220E93 /* UIImage+GIF.h */ = {isa = PBXFileReference; fileEncoding = 4; lastKnownFileType = sourcecode.c.h; path = "UIImage+GIF.h"; sourceTree = "<group>"; };
		A193511D1A32E30C00220E93 /* UIImage+GIF.m */ = {isa = PBXFileReference; fileEncoding = 4; lastKnownFileType = sourcecode.c.objc; path = "UIImage+GIF.m"; sourceTree = "<group>"; };
		A193511F1A32E4CC00220E93 /* ImageIO.framework */ = {isa = PBXFileReference; lastKnownFileType = wrapper.framework; name = ImageIO.framework; path = System/Library/Frameworks/ImageIO.framework; sourceTree = SDKROOT; };
		A19351211A35E02D00220E93 /* UIImage+animatedGIF.h */ = {isa = PBXFileReference; lastKnownFileType = sourcecode.c.h; path = "UIImage+animatedGIF.h"; sourceTree = "<group>"; };
		A19351221A35E04800220E93 /* UIImage+animatedGIF.m */ = {isa = PBXFileReference; fileEncoding = 4; lastKnownFileType = sourcecode.c.objc; path = "UIImage+animatedGIF.m"; sourceTree = "<group>"; };
		A19351271A35FE3B00220E93 /* ExternalViewController.h */ = {isa = PBXFileReference; fileEncoding = 4; lastKnownFileType = sourcecode.c.h; path = ExternalViewController.h; sourceTree = "<group>"; };
		A19351281A35FE3B00220E93 /* ExternalViewController.m */ = {isa = PBXFileReference; fileEncoding = 4; lastKnownFileType = sourcecode.c.objc; path = ExternalViewController.m; sourceTree = "<group>"; };
		A19351291A35FE3B00220E93 /* ExternalViewController.xib */ = {isa = PBXFileReference; fileEncoding = 4; lastKnownFileType = file.xib; path = ExternalViewController.xib; sourceTree = "<group>"; };
		A193512C1A36048100220E93 /* extslide.pdf */ = {isa = PBXFileReference; lastKnownFileType = image.pdf; name = extslide.pdf; path = Resources/extslide.pdf; sourceTree = "<group>"; };
		A193512E1A3692C800220E93 /* exttop.gif */ = {isa = PBXFileReference; lastKnownFileType = image.gif; name = exttop.gif; path = Resources/exttop.gif; sourceTree = "<group>"; };
		CF2120B01854862100045CD5 /* SlideAppConfig.h */ = {isa = PBXFileReference; lastKnownFileType = sourcecode.c.h; path = SlideAppConfig.h; sourceTree = "<group>"; };
/* End PBXFileReference section */

/* Begin PBXFrameworksBuildPhase section */
		A166C9C6184F545F00AD4307 /* Frameworks */ = {
			isa = PBXFrameworksBuildPhase;
			buildActionMask = 2147483647;
			files = (
				A166C9CD184F545F00AD4307 /* UIKit.framework in Frameworks */,
				A166C9CF184F545F00AD4307 /* Foundation.framework in Frameworks */,
				A166C9D1184F545F00AD4307 /* CoreGraphics.framework in Frameworks */,
				A19351201A32E4CC00220E93 /* ImageIO.framework in Frameworks */,
			);
			runOnlyForDeploymentPostprocessing = 0;
		};
/* End PBXFrameworksBuildPhase section */

/* Begin PBXGroup section */
		8AAB600D18500A5E0008014E /* Resources */ = {
			isa = PBXGroup;
			children = (
				A19351191A32E23400220E93 /* top.gif */,
				A193512E1A3692C800220E93 /* exttop.gif */,
				8AAB600E18500B990008014E /* slide.pdf */,
				A193512C1A36048100220E93 /* extslide.pdf */,
			);
			name = Resources;
			sourceTree = "<group>";
		};
		A166C9C0184F545F00AD4307 = {
			isa = PBXGroup;
			children = (
				A166C9D2184F545F00AD4307 /* SlideApp */,
				8AAB600D18500A5E0008014E /* Resources */,
				A166C9CB184F545F00AD4307 /* Frameworks */,
				A166C9CA184F545F00AD4307 /* Products */,
			);
			sourceTree = "<group>";
		};
		A166C9CA184F545F00AD4307 /* Products */ = {
			isa = PBXGroup;
			children = (
				A166C9C9184F545F00AD4307 /* SlideApp.app */,
			);
			name = Products;
			sourceTree = "<group>";
		};
		A166C9CB184F545F00AD4307 /* Frameworks */ = {
			isa = PBXGroup;
			children = (
				A166C9CC184F545F00AD4307 /* UIKit.framework */,
				A166C9CE184F545F00AD4307 /* Foundation.framework */,
				A166C9D0184F545F00AD4307 /* CoreGraphics.framework */,
				A193511F1A32E4CC00220E93 /* ImageIO.framework */,
			);
			name = Frameworks;
			sourceTree = "<group>";
		};
		A166C9D2184F545F00AD4307 /* SlideApp */ = {
			isa = PBXGroup;
			children = (
				CF2120B01854862100045CD5 /* SlideAppConfig.h */,
				A166C9DB184F545F00AD4307 /* AppDelegate.h */,
				A166C9DC184F545F00AD4307 /* AppDelegate.m */,
				A166CA09184F825B00AD4307 /* MainWindow.xib */,
				A166C9FC184F605200AD4307 /* RootViewController.h */,
				A166C9FD184F605200AD4307 /* RootViewController.m */,
				A166C9FE184F605200AD4307 /* RootViewController.xib */,
				A19351271A35FE3B00220E93 /* ExternalViewController.h */,
				A19351281A35FE3B00220E93 /* ExternalViewController.m */,
				A19351291A35FE3B00220E93 /* ExternalViewController.xib */,
				8AAB6016185020860008014E /* CoverViewController.h */,
				8AAB6017185020860008014E /* CoverViewController.m */,
				8AAB6018185020860008014E /* CoverViewController.xib */,
				A166CA04184F743600AD4307 /* SlideViewController.h */,
				A166CA05184F743700AD4307 /* SlideViewController.m */,
				A166CA06184F743700AD4307 /* SlideViewController.xib */,
				8AAB601218500C130008014E /* PDFView.h */,
				8AAB601318500C130008014E /* PDFView.m */,
				8AAB601018500C130008014E /* PDFDocument.h */,
				8AAB601118500C130008014E /* PDFDocument.m */,
				A19351211A35E02D00220E93 /* UIImage+animatedGIF.h */,
				A19351221A35E04800220E93 /* UIImage+animatedGIF.m */,
				A193511B1A32E30C00220E93 /* LBGIFImage */,
				A166C9D3184F545F00AD4307 /* Supporting Files */,
			);
			path = SlideApp;
			sourceTree = "<group>";
		};
		A166C9D3184F545F00AD4307 /* Supporting Files */ = {
			isa = PBXGroup;
			children = (
				A166C9D4184F545F00AD4307 /* SlideApp-Info.plist */,
				A166C9D5184F545F00AD4307 /* InfoPlist.strings */,
				A166C9D8184F545F00AD4307 /* main.m */,
				A166C9DA184F545F00AD4307 /* SlideApp-Prefix.pch */,
				A166C9DE184F545F00AD4307 /* Default.png */,
				A166C9E0184F545F00AD4307 /* Default@2x.png */,
				A166C9E2184F545F00AD4307 /* Default-568h@2x.png */,
			);
			name = "Supporting Files";
			sourceTree = "<group>";
		};
		A193511B1A32E30C00220E93 /* LBGIFImage */ = {
			isa = PBXGroup;
			children = (
				A193511C1A32E30C00220E93 /* UIImage+GIF.h */,
				A193511D1A32E30C00220E93 /* UIImage+GIF.m */,
			);
			path = LBGIFImage;
			sourceTree = "<group>";
		};
/* End PBXGroup section */

/* Begin PBXNativeTarget section */
		A166C9C8184F545F00AD4307 /* SlideApp */ = {
			isa = PBXNativeTarget;
			buildConfigurationList = A166C9F2184F545F00AD4307 /* Build configuration list for PBXNativeTarget "SlideApp" */;
			buildPhases = (
				A166C9C5184F545F00AD4307 /* Sources */,
				A166C9C6184F545F00AD4307 /* Frameworks */,
				A166C9C7184F545F00AD4307 /* Resources */,
			);
			buildRules = (
			);
			dependencies = (
			);
			name = SlideApp;
			productName = SlideApp;
			productReference = A166C9C9184F545F00AD4307 /* SlideApp.app */;
			productType = "com.apple.product-type.application";
		};
/* End PBXNativeTarget section */

/* Begin PBXProject section */
		A166C9C1184F545F00AD4307 /* Project object */ = {
			isa = PBXProject;
			attributes = {
				LastUpgradeCheck = 0460;
				ORGANIZATIONNAME = hogelab.net;
			};
			buildConfigurationList = A166C9C4184F545F00AD4307 /* Build configuration list for PBXProject "SlideApp" */;
			compatibilityVersion = "Xcode 3.2";
			developmentRegion = English;
			hasScannedForEncodings = 0;
			knownRegions = (
				en,
			);
			mainGroup = A166C9C0184F545F00AD4307;
			productRefGroup = A166C9CA184F545F00AD4307 /* Products */;
			projectDirPath = "";
			projectRoot = "";
			targets = (
				A166C9C8184F545F00AD4307 /* SlideApp */,
			);
		};
/* End PBXProject section */

/* Begin PBXResourcesBuildPhase section */
		A166C9C7184F545F00AD4307 /* Resources */ = {
			isa = PBXResourcesBuildPhase;
			buildActionMask = 2147483647;
			files = (
				A193512D1A36048100220E93 /* extslide.pdf in Resources */,
				A193511A1A32E23400220E93 /* top.gif in Resources */,
				A166C9D7184F545F00AD4307 /* InfoPlist.strings in Resources */,
				A166C9DF184F545F00AD4307 /* Default.png in Resources */,
				8AAB601A185020860008014E /* CoverViewController.xib in Resources */,
				8AAB600F18500B990008014E /* slide.pdf in Resources */,
				A193512B1A35FE3B00220E93 /* ExternalViewController.xib in Resources */,
				A166C9E1184F545F00AD4307 /* Default@2x.png in Resources */,
				A166C9E3184F545F00AD4307 /* Default-568h@2x.png in Resources */,
				A166CA00184F605200AD4307 /* RootViewController.xib in Resources */,
				A166CA08184F743700AD4307 /* SlideViewController.xib in Resources */,
				A166CA0A184F825B00AD4307 /* MainWindow.xib in Resources */,
				A193512F1A3692C800220E93 /* exttop.gif in Resources */,
			);
			runOnlyForDeploymentPostprocessing = 0;
		};
/* End PBXResourcesBuildPhase section */

/* Begin PBXSourcesBuildPhase section */
		A166C9C5184F545F00AD4307 /* Sources */ = {
			isa = PBXSourcesBuildPhase;
			buildActionMask = 2147483647;
			files = (
				A166C9D9184F545F00AD4307 /* main.m in Sources */,
				8AAB6019185020860008014E /* CoverViewController.m in Sources */,
				A193511E1A32E30C00220E93 /* UIImage+GIF.m in Sources */,
				8AAB601518500C130008014E /* PDFView.m in Sources */,
				A19351231A35E04800220E93 /* UIImage+animatedGIF.m in Sources */,
				A166C9DD184F545F00AD4307 /* AppDelegate.m in Sources */,
				A193512A1A35FE3B00220E93 /* ExternalViewController.m in Sources */,
				A166C9FF184F605200AD4307 /* RootViewController.m in Sources */,
				8AAB601418500C130008014E /* PDFDocument.m in Sources */,
				A166CA07184F743700AD4307 /* SlideViewController.m in Sources */,
			);
			runOnlyForDeploymentPostprocessing = 0;
		};
/* End PBXSourcesBuildPhase section */

/* Begin PBXVariantGroup section */
		A166C9D5184F545F00AD4307 /* InfoPlist.strings */ = {
			isa = PBXVariantGroup;
			children = (
				A166C9D6184F545F00AD4307 /* en */,
			);
			name = InfoPlist.strings;
			sourceTree = "<group>";
		};
/* End PBXVariantGroup section */

/* Begin XCBuildConfiguration section */
		A166C9F0184F545F00AD4307 /* Debug */ = {
			isa = XCBuildConfiguration;
			buildSettings = {
				ALWAYS_SEARCH_USER_PATHS = NO;
				CLANG_CXX_LANGUAGE_STANDARD = "gnu++0x";
				CLANG_CXX_LIBRARY = "libc++";
				CLANG_WARN_CONSTANT_CONVERSION = YES;
				CLANG_WARN_EMPTY_BODY = YES;
				CLANG_WARN_ENUM_CONVERSION = YES;
				CLANG_WARN_INT_CONVERSION = YES;
				CLANG_WARN__DUPLICATE_METHOD_MATCH = YES;
				"CODE_SIGN_IDENTITY[sdk=iphoneos*]" = "iPhone Developer";
				COPY_PHASE_STRIP = NO;
				GCC_C_LANGUAGE_STANDARD = gnu99;
				GCC_DYNAMIC_NO_PIC = NO;
				GCC_OPTIMIZATION_LEVEL = 0;
				GCC_PREPROCESSOR_DEFINITIONS = (
					"DEBUG=1",
					"$(inherited)",
				);
				GCC_SYMBOLS_PRIVATE_EXTERN = NO;
				GCC_WARN_ABOUT_RETURN_TYPE = YES;
				GCC_WARN_UNINITIALIZED_AUTOS = YES;
				GCC_WARN_UNUSED_VARIABLE = YES;
				IPHONEOS_DEPLOYMENT_TARGET = 6.1;
				ONLY_ACTIVE_ARCH = YES;
				SDKROOT = iphoneos;
				TARGETED_DEVICE_FAMILY = 2;
			};
			name = Debug;
		};
		A166C9F1184F545F00AD4307 /* Release */ = {
			isa = XCBuildConfiguration;
			buildSettings = {
				ALWAYS_SEARCH_USER_PATHS = NO;
				CLANG_CXX_LANGUAGE_STANDARD = "gnu++0x";
				CLANG_CXX_LIBRARY = "libc++";
				CLANG_WARN_CONSTANT_CONVERSION = YES;
				CLANG_WARN_EMPTY_BODY = YES;
				CLANG_WARN_ENUM_CONVERSION = YES;
				CLANG_WARN_INT_CONVERSION = YES;
				CLANG_WARN__DUPLICATE_METHOD_MATCH = YES;
				"CODE_SIGN_IDENTITY[sdk=iphoneos*]" = "iPhone Developer";
				COPY_PHASE_STRIP = YES;
				GCC_C_LANGUAGE_STANDARD = gnu99;
				GCC_WARN_ABOUT_RETURN_TYPE = YES;
				GCC_WARN_UNINITIALIZED_AUTOS = YES;
				GCC_WARN_UNUSED_VARIABLE = YES;
				IPHONEOS_DEPLOYMENT_TARGET = 6.1;
				OTHER_CFLAGS = "-DNS_BLOCK_ASSERTIONS=1";
				SDKROOT = iphoneos;
				TARGETED_DEVICE_FAMILY = 2;
				VALIDATE_PRODUCT = YES;
			};
			name = Release;
		};
		A166C9F3184F545F00AD4307 /* Debug */ = {
			isa = XCBuildConfiguration;
			buildSettings = {
				GCC_PRECOMPILE_PREFIX_HEADER = YES;
				GCC_PREFIX_HEADER = "SlideApp/SlideApp-Prefix.pch";
				INFOPLIST_FILE = "SlideApp/SlideApp-Info.plist";
				PRODUCT_NAME = "$(TARGET_NAME)";
				WRAPPER_EXTENSION = app;
			};
			name = Debug;
		};
		A166C9F4184F545F00AD4307 /* Release */ = {
			isa = XCBuildConfiguration;
			buildSettings = {
				GCC_PRECOMPILE_PREFIX_HEADER = YES;
				GCC_PREFIX_HEADER = "SlideApp/SlideApp-Prefix.pch";
				INFOPLIST_FILE = "SlideApp/SlideApp-Info.plist";
				PRODUCT_NAME = "$(TARGET_NAME)";
				WRAPPER_EXTENSION = app;
			};
			name = Release;
		};
/* End XCBuildConfiguration section */

/* Begin XCConfigurationList section */
		A166C9C4184F545F00AD4307 /* Build configuration list for PBXProject "SlideApp" */ = {
			isa = XCConfigurationList;
			buildConfigurations = (
				A166C9F0184F545F00AD4307 /* Debug */,
				A166C9F1184F545F00AD4307 /* Release */,
			);
			defaultConfigurationIsVisible = 0;
			defaultConfigurationName = Release;
		};
		A166C9F2184F545F00AD4307 /* Build configuration list for PBXNativeTarget "SlideApp" */ = {
			isa = XCConfigurationList;
			buildConfigurations = (
				A166C9F3184F545F00AD4307 /* Debug */,
				A166C9F4184F545F00AD4307 /* Release */,
			);
			defaultConfigurationIsVisible = 0;
			defaultConfigurationName = Release;
		};
/* End XCConfigurationList section */
	};
	rootObject = A166C9C1184F545F00AD4307 /* Project object */;
}
